%{"amqp": {:hex, :amqp, "0.1.1"},
  "amqp_client": {:hex, :amqp_client, "3.5.0"},
  "earmark": {:hex, :earmark, "0.1.17"},
  "ex_doc": {:hex, :ex_doc, "0.7.3"},
  "exactor": {:hex, :exactor, "2.1.2"},
  "exjsx": {:hex, :exjsx, "3.1.0"},
  "exvcr": {:git, "git://github.com/parroty/exvcr.git", "e4d90c0d34f26fa2e2f515546e7d02f28168bb54", []},
  "fleet_api": {:hex, :fleet_api, "0.0.11"},
  "hackney": {:hex, :hackney, "1.2.0"},
  "httpoison": {:hex, :httpoison, "0.6.2"},
  "idna": {:hex, :idna, "1.0.2"},
  "jsx": {:hex, :jsx, "2.4.0"},
  "meck": {:hex, :meck, "0.8.2"},
  "openaperture_auth": {:git, "https://github.com/OpenAperture/auth.git", "dc7a0813b335d3013dff60d271ae1f51fc4b5049", [ref: "dc7a0813b335d3013dff60d271ae1f51fc4b5049"]},
  "openaperture_fleet": {:git, "https://github.com/OpenAperture/fleet.git", "714c52b5258f96e741b57c73577431caa6f480b3", [ref: "714c52b5258f96e741b57c73577431caa6f480b3"]},
  "openaperture_manager_api": {:git, "https://github.com/OpenAperture/manager_api.git", "84eedf15d805e6a827b3d62978b5a20244c99094", [ref: "84eedf15d805e6a827b3d62978b5a20244c99094"]},
  "openaperture_messaging": {:git, "https://github.com/OpenAperture/messaging.git", "525e68bdcec83a30d914813a58302cea02648b06", [ref: "525e68bdcec83a30d914813a58302cea02648b06"]},
  "openaperture_overseer_api": {:git, "https://github.com/OpenAperture/overseer_api.git", "4b9146507ab50789fec4696b96f79642add2b502", [ref: "4b9146507ab50789fec4696b96f79642add2b502"]},
  "openaperture_workflow_orchestrator_api": {:git, "https://github.com/OpenAperture/workflow_orchestrator_api.git", "c66fa165e9ee07250d264b4b63ce375692e2b7cc", [ref: "c66fa165e9ee07250d264b4b63ce375692e2b7cc"]},
  "poison": {:hex, :poison, "1.4.0"},
  "rabbit_common": {:hex, :rabbit_common, "3.5.0"},
  "ssl_verify_hostname": {:hex, :ssl_verify_hostname, "1.0.5"},
  "tail": {:git, "https://github.com/TheFirstAvenger/elixir-tail", "ac91cb79fb8e81ea20d15cd8f66ec3bd5967fcfe", [ref: "ac91cb79fb8e81ea20d15cd8f66ec3bd5967fcfe"]},
  "timex": {:hex, :timex, "0.12.9"},
  "timex_extensions": {:git, "https://github.com/OpenAperture/timex_extensions.git", "1665c1df90397702daf492c6f940e644085016cd", [ref: "1665c1df90397702daf492c6f940e644085016cd"]},
  "uuid": {:hex, :uuid, "0.1.5"}}
